{
    "requires": true,
    "lockfileVersion": 1,
    "dependencies": {
        "vue": {
            "version": "2.6.11",
            "resolved": "https://registry.npmjs.org/vue/-/vue-2.6.11.tgz",
            "integrity": "sha512-VfPwgcGABbGAue9+sfrD4PuwFar7gPb1yl1UK1MwXoQPAw0BKSqWfoYCT/ThFrdEVWoI51dBuyCoiNU9bZDZxQ=="
        },
        "vue-axios": {
            "version": "2.1.5",
            "resolved": "https://registry.npmjs.org/vue-axios/-/vue-axios-2.1.5.tgz",
            "integrity": "sha512-th5xVbInVoyIoe+qY+9GCflEVezxAvztD4xpFF39SRQYqpoKD2qkmX8yv08jJG9a2SgNOCjirjJGSwg/wTrbmA=="
        },
        "vue-router": {
            "version": "3.3.4",
            "resolved": "https://registry.npmjs.org/vue-router/-/vue-router-3.3.4.tgz",
            "integrity": "sha512-SdKRBeoXUjaZ9R/8AyxsdTqkOfMcI5tWxPZOUX5Ie1BTL5rPSZ0O++pbiZCeYeythiZIdLEfkDiQPKIaWk5hDg=="
        },
        "vuex": {
            "version": "3.4.0",
            "resolved": "https://registry.npmjs.org/vuex/-/vuex-3.4.0.tgz",
            "integrity": "sha512-ajtqwEW/QhnrBZQsZxCLHThZZaa+Db45c92Asf46ZDXu6uHXgbfVuBaJ4gzD2r4UX0oMJHstFwd2r2HM4l8umg=="
        }
    }
}
